{
  "name": "smart_farm",
  "lockfileVersion": 2,
  "requires": true,
  "packages": {
    "": {
      "dependencies": {
        "@coreui/icons": "^2.0.1"
      }
    },
    "node_modules/@coreui/icons": {
      "version": "2.0.1",
      "resolved": "https://registry.npmjs.org/@coreui/icons/-/icons-2.0.1.tgz",
      "integrity": "sha512-gBfFRLPUt3Bv9EZbJRbT3sQRHrhH0c4dRbeE9GpWJgJY8kvE9+3Hf5xGK9XyQhFynHx4o2WQeMxsReQLddlK9w=="
    }
  },
  "dependencies": {
    "@coreui/icons": {
      "version": "2.0.1",
      "resolved": "https://registry.npmjs.org/@coreui/icons/-/icons-2.0.1.tgz",
      "integrity": "sha512-gBfFRLPUt3Bv9EZbJRbT3sQRHrhH0c4dRbeE9GpWJgJY8kvE9+3Hf5xGK9XyQhFynHx4o2WQeMxsReQLddlK9w=="
    }
  }
}
